lockfileVersion: '9.0'

settings:
  autoInstallPeers: true
  excludeLinksFromLockfile: false

importers:

  .:
    dependencies:
      '@fontsource/archivo-black':
        specifier: ^5.3.0
        version: 5.3.0

packages:

  '@fontsource/archivo-black@5.3.0':
    resolution: {integrity: sha512-7EsTIQ+Blf96ktpzTUpI7msi+u9/AJxM/GZxOSkEubVd1jSTrFSTNxMgfpX/8rQsjZ+19a+qvRbtcTEp5J/72g==}

snapshots:

  '@fontsource/archivo-black@5.3.0': {}
